
Microsoft Visual Studio Solution File, Format Version 12.00
# Visual Studio Version 17
VisualStudioVersion = 17.7.34031.279
MinimumVisualStudioVersion = 10.0.40219.1
Project("{9A19103F-16F7-4668-BE54-9A1E7A4F7556}") = "TradingCompanyProductManager", "TradingCompanyProductManager\TradingCompanyProductManager.csproj", "{BFC9D7B8-574B-4360-886F-FA24D744B964}"
EndProject
Project("{9A19103F-16F7-4668-BE54-9A1E7A4F7556}") = "DTO", "DTO\DTO.csproj", "{F554096A-FF5D-4F6D-AE95-6628194F650D}"
EndProject
Project("{9A19103F-16F7-4668-BE54-9A1E7A4F7556}") = "DAL", "DAL\DAL.csproj", "{4C380A34-3853-4BF7-99AF-0C0EF9876CDE}"
EndProject
Project("{2150E333-8FDC-42A3-9474-1A3956D46DE8}") = "Solution Items", "Solution Items", "{56DF98BB-DA25-41A2-9F6A-9E62727C8667}"
	ProjectSection(SolutionItems) = preProject
		appsettings.json = appsettings.json
	EndProjectSection
EndProject
Project("{FAE04EC0-301F-11D3-BF4B-00C04F79EFBC}") = "Tests", "Tests\Tests.csproj", "{94933111-F2D7-4396-AADE-755B09F11634}"
EndProject
Global
	GlobalSection(SolutionConfigurationPlatforms) = preSolution
		Debug|Any CPU = Debug|Any CPU
		Release|Any CPU = Release|Any CPU
	EndGlobalSection
	GlobalSection(ProjectConfigurationPlatforms) = postSolution
		{BFC9D7B8-574B-4360-886F-FA24D744B964}.Debug|Any CPU.ActiveCfg = Debug|Any CPU
		{BFC9D7B8-574B-4360-886F-FA24D744B964}.Debug|Any CPU.Build.0 = Debug|Any CPU
		{BFC9D7B8-574B-4360-886F-FA24D744B964}.Release|Any CPU.ActiveCfg = Release|Any CPU
		{BFC9D7B8-574B-4360-886F-FA24D744B964}.Release|Any CPU.Build.0 = Release|Any CPU
		{F554096A-FF5D-4F6D-AE95-6628194F650D}.Debug|Any CPU.ActiveCfg = Debug|Any CPU
		{F554096A-FF5D-4F6D-AE95-6628194F650D}.Debug|Any CPU.Build.0 = Debug|Any CPU
		{F554096A-FF5D-4F6D-AE95-6628194F650D}.Release|Any CPU.ActiveCfg = Release|Any CPU
		{F554096A-FF5D-4F6D-AE95-6628194F650D}.Release|Any CPU.Build.0 = Release|Any CPU
		{4C380A34-3853-4BF7-99AF-0C0EF9876CDE}.Debug|Any CPU.ActiveCfg = Debug|Any CPU
		{4C380A34-3853-4BF7-99AF-0C0EF9876CDE}.Debug|Any CPU.Build.0 = Debug|Any CPU
		{4C380A34-3853-4BF7-99AF-0C0EF9876CDE}.Release|Any CPU.ActiveCfg = Release|Any CPU
		{4C380A34-3853-4BF7-99AF-0C0EF9876CDE}.Release|Any CPU.Build.0 = Release|Any CPU
		{94933111-F2D7-4396-AADE-755B09F11634}.Debug|Any CPU.ActiveCfg = Debug|Any CPU
		{94933111-F2D7-4396-AADE-755B09F11634}.Debug|Any CPU.Build.0 = Debug|Any CPU
		{94933111-F2D7-4396-AADE-755B09F11634}.Release|Any CPU.ActiveCfg = Release|Any CPU
		{94933111-F2D7-4396-AADE-755B09F11634}.Release|Any CPU.Build.0 = Release|Any CPU
	EndGlobalSection
	GlobalSection(SolutionProperties) = preSolution
		HideSolutionNode = FALSE
	EndGlobalSection
	GlobalSection(ExtensibilityGlobals) = postSolution
		SolutionGuid = {0E2272E2-6778-410B-A8E8-67FCCE36B7C7}
	EndGlobalSection
EndGlobal
